
Microsoft Visual Studio Solution File, Format Version 12.00
# Visual Studio Version 16
VisualStudioVersion = 16.0.30517.126
MinimumVisualStudioVersion = 10.0.40219.1
Project("{9A19103F-16F7-4668-BE54-9A1E7A4F7556}") = "CV19", "CV19\CV19.csproj", "{BBAB8942-13E7-4C73-B8D8-4EF0C940255D}"
EndProject
Project("{2150E333-8FDC-42A3-9474-1A3956D46DE8}") = "Tests", "Tests", "{5D640779-1D64-42EB-A70D-3B5E55269917}"
EndProject
Project("{9A19103F-16F7-4668-BE54-9A1E7A4F7556}") = "CV19Console", "CV19Console\CV19Console.csproj", "{5BA76363-B3FE-42CA-B71B-00BC92463AF8}"
EndProject
Project("{FAE04EC0-301F-11D3-BF4B-00C04F79EFBC}") = "WPFCV19Test", "WPFCV19Test\WPFCV19Test.csproj", "{29F9A8E7-2C1A-44AB-8D7C-74279FA980B4}"
EndProject
Global
	GlobalSection(SolutionConfigurationPlatforms) = preSolution
		Debug|Any CPU = Debug|Any CPU
		Release|Any CPU = Release|Any CPU
	EndGlobalSection
	GlobalSection(ProjectConfigurationPlatforms) = postSolution
		{BBAB8942-13E7-4C73-B8D8-4EF0C940255D}.Debug|Any CPU.ActiveCfg = Debug|Any CPU
		{BBAB8942-13E7-4C73-B8D8-4EF0C940255D}.Debug|Any CPU.Build.0 = Debug|Any CPU
		{BBAB8942-13E7-4C73-B8D8-4EF0C940255D}.Release|Any CPU.ActiveCfg = Release|Any CPU
		{BBAB8942-13E7-4C73-B8D8-4EF0C940255D}.Release|Any CPU.Build.0 = Release|Any CPU
		{5BA76363-B3FE-42CA-B71B-00BC92463AF8}.Debug|Any CPU.ActiveCfg = Debug|Any CPU
		{5BA76363-B3FE-42CA-B71B-00BC92463AF8}.Debug|Any CPU.Build.0 = Debug|Any CPU
		{5BA76363-B3FE-42CA-B71B-00BC92463AF8}.Release|Any CPU.ActiveCfg = Release|Any CPU
		{5BA76363-B3FE-42CA-B71B-00BC92463AF8}.Release|Any CPU.Build.0 = Release|Any CPU
		{29F9A8E7-2C1A-44AB-8D7C-74279FA980B4}.Debug|Any CPU.ActiveCfg = Debug|Any CPU
		{29F9A8E7-2C1A-44AB-8D7C-74279FA980B4}.Debug|Any CPU.Build.0 = Debug|Any CPU
		{29F9A8E7-2C1A-44AB-8D7C-74279FA980B4}.Release|Any CPU.ActiveCfg = Release|Any CPU
		{29F9A8E7-2C1A-44AB-8D7C-74279FA980B4}.Release|Any CPU.Build.0 = Release|Any CPU
	EndGlobalSection
	GlobalSection(SolutionProperties) = preSolution
		HideSolutionNode = FALSE
	EndGlobalSection
	GlobalSection(NestedProjects) = preSolution
		{5BA76363-B3FE-42CA-B71B-00BC92463AF8} = {5D640779-1D64-42EB-A70D-3B5E55269917}
		{29F9A8E7-2C1A-44AB-8D7C-74279FA980B4} = {5D640779-1D64-42EB-A70D-3B5E55269917}
	EndGlobalSection
	GlobalSection(ExtensibilityGlobals) = postSolution
		SolutionGuid = {027F2952-12D3-48B2-BFD5-06478D93377A}
	EndGlobalSection
EndGlobal
